
Microsoft Visual Studio Solution File, Format Version 12.00
# Visual Studio Version 16
VisualStudioVersion = 16.0.29009.5
MinimumVisualStudioVersion = 15.0.26124.0
Project("{9A19103F-16F7-4668-BE54-9A1E7A4F7556}") = "Carpentry", "Carpentry\Carpentry.csproj", "{EADC7557-9D99-4F4C-8FCB-E9713BA70749}"
EndProject
Project("{9A19103F-16F7-4668-BE54-9A1E7A4F7556}") = "Carpentry.Tools.QuickRestore", "Carpentry.Tools.QuickRestore\Carpentry.Tools.QuickRestore.csproj", "{8A9BF93B-A5B1-4CB1-8DC5-8AD42889E809}"
EndProject
Project("{9A19103F-16F7-4668-BE54-9A1E7A4F7556}") = "Carpentry.Logic", "Carpentry.Logic\Carpentry.Logic.csproj", "{71B131EF-01C4-4E69-8627-9906484E0312}"
EndProject
Project("{2150E333-8FDC-42A3-9474-1A3956D46DE8}") = "Tools", "Tools", "{FFEBD6D4-0B02-48E7-A113-45A386480988}"
EndProject
Project("{2150E333-8FDC-42A3-9474-1A3956D46DE8}") = "UI", "UI", "{835F1B1F-8469-483A-BE6C-3F802F0C02E7}"
EndProject
Project("{2150E333-8FDC-42A3-9474-1A3956D46DE8}") = "Logic", "Logic", "{543A3EEF-B569-4B90-A98E-59E5460A1383}"
EndProject
Project("{2150E333-8FDC-42A3-9474-1A3956D46DE8}") = "Data", "Data", "{65A09C82-4A2A-4B80-A7C2-EE2E73192E92}"
EndProject
Project("{9A19103F-16F7-4668-BE54-9A1E7A4F7556}") = "Carpentry.Logic.Tests", "Carpentry.Logic.Tests\Carpentry.Logic.Tests.csproj", "{9F2B1ABA-2EC0-430D-8518-F36F756139FB}"
EndProject
Project("{9A19103F-16F7-4668-BE54-9A1E7A4F7556}") = "Carpentry.Tools.QuickImport", "Carpentry.Tools.QuickImport\Carpentry.Tools.QuickImport.csproj", "{DDE8DE5D-39FF-4ACF-8D08-6DE65CCC9C76}"
EndProject
Project("{9A19103F-16F7-4668-BE54-9A1E7A4F7556}") = "Carpentry.Legacy", "Carpentry.Legacy\Carpentry.Legacy.csproj", "{2FCD2B98-4C93-4A2E-A59F-370FF4843FF5}"
EndProject
Project("{9A19103F-16F7-4668-BE54-9A1E7A4F7556}") = "Carpentry.Tests", "Carpentry.Tests\Carpentry.Tests.csproj", "{04F88CAA-26CF-4B95-A4BD-E5F63CC48DD3}"
EndProject
Project("{9A19103F-16F7-4668-BE54-9A1E7A4F7556}") = "Carpentry.Tools", "Carpentry.Tools\Carpentry.Tools.csproj", "{26FC8848-C27C-4AB6-98DE-C0733BDC811F}"
EndProject
Project("{9A19103F-16F7-4668-BE54-9A1E7A4F7556}") = "Carpentry.Angular", "Carpentry.Angular\Carpentry.Angular.csproj", "{A330367C-D876-4D1F-AA2E-38EEF78A5172}"
EndProject
Project("{9A19103F-16F7-4668-BE54-9A1E7A4F7556}") = "Carpentry.Core", "Carpentry.Core\Carpentry.Core.csproj", "{A513DB9E-2C36-4A44-9AE4-D489F8562F62}"
EndProject
Project("{9A19103F-16F7-4668-BE54-9A1E7A4F7556}") = "Carpentry.CarpentryData", "Carpentry.CarpentryData\Carpentry.CarpentryData.csproj", "{59CD1F7C-E200-4DFC-9D2F-8B68F3B44007}"
EndProject
Project("{9A19103F-16F7-4668-BE54-9A1E7A4F7556}") = "Carpentry.ScryfallData", "Carpentry.ScryfallData\Carpentry.ScryfallData.csproj", "{9DB4AFEE-EE63-4357-BED0-769D242869C2}"
EndProject
Global
	GlobalSection(SolutionConfigurationPlatforms) = preSolution
		Debug|Any CPU = Debug|Any CPU
		Debug|x64 = Debug|x64
		Debug|x86 = Debug|x86
		Release|Any CPU = Release|Any CPU
		Release|x64 = Release|x64
		Release|x86 = Release|x86
	EndGlobalSection
	GlobalSection(ProjectConfigurationPlatforms) = postSolution
		{EADC7557-9D99-4F4C-8FCB-E9713BA70749}.Debug|Any CPU.ActiveCfg = Debug|Any CPU
		{EADC7557-9D99-4F4C-8FCB-E9713BA70749}.Debug|Any CPU.Build.0 = Debug|Any CPU
		{EADC7557-9D99-4F4C-8FCB-E9713BA70749}.Debug|x64.ActiveCfg = Debug|Any CPU
		{EADC7557-9D99-4F4C-8FCB-E9713BA70749}.Debug|x64.Build.0 = Debug|Any CPU
		{EADC7557-9D99-4F4C-8FCB-E9713BA70749}.Debug|x86.ActiveCfg = Debug|Any CPU
		{EADC7557-9D99-4F4C-8FCB-E9713BA70749}.Debug|x86.Build.0 = Debug|Any CPU
		{EADC7557-9D99-4F4C-8FCB-E9713BA70749}.Release|Any CPU.ActiveCfg = Release|Any CPU
		{EADC7557-9D99-4F4C-8FCB-E9713BA70749}.Release|Any CPU.Build.0 = Release|Any CPU
		{EADC7557-9D99-4F4C-8FCB-E9713BA70749}.Release|x64.ActiveCfg = Release|Any CPU
		{EADC7557-9D99-4F4C-8FCB-E9713BA70749}.Release|x64.Build.0 = Release|Any CPU
		{EADC7557-9D99-4F4C-8FCB-E9713BA70749}.Release|x86.ActiveCfg = Release|Any CPU
		{EADC7557-9D99-4F4C-8FCB-E9713BA70749}.Release|x86.Build.0 = Release|Any CPU
		{8A9BF93B-A5B1-4CB1-8DC5-8AD42889E809}.Debug|Any CPU.ActiveCfg = Debug|Any CPU
		{8A9BF93B-A5B1-4CB1-8DC5-8AD42889E809}.Debug|Any CPU.Build.0 = Debug|Any CPU
		{8A9BF93B-A5B1-4CB1-8DC5-8AD42889E809}.Debug|x64.ActiveCfg = Debug|Any CPU
		{8A9BF93B-A5B1-4CB1-8DC5-8AD42889E809}.Debug|x64.Build.0 = Debug|Any CPU
		{8A9BF93B-A5B1-4CB1-8DC5-8AD42889E809}.Debug|x86.ActiveCfg = Debug|Any CPU
		{8A9BF93B-A5B1-4CB1-8DC5-8AD42889E809}.Debug|x86.Build.0 = Debug|Any CPU
		{8A9BF93B-A5B1-4CB1-8DC5-8AD42889E809}.Release|Any CPU.ActiveCfg = Release|Any CPU
		{8A9BF93B-A5B1-4CB1-8DC5-8AD42889E809}.Release|Any CPU.Build.0 = Release|Any CPU
		{8A9BF93B-A5B1-4CB1-8DC5-8AD42889E809}.Release|x64.ActiveCfg = Release|Any CPU
		{8A9BF93B-A5B1-4CB1-8DC5-8AD42889E809}.Release|x64.Build.0 = Release|Any CPU
		{8A9BF93B-A5B1-4CB1-8DC5-8AD42889E809}.Release|x86.ActiveCfg = Release|Any CPU
		{8A9BF93B-A5B1-4CB1-8DC5-8AD42889E809}.Release|x86.Build.0 = Release|Any CPU
		{71B131EF-01C4-4E69-8627-9906484E0312}.Debug|Any CPU.ActiveCfg = Debug|Any CPU
		{71B131EF-01C4-4E69-8627-9906484E0312}.Debug|Any CPU.Build.0 = Debug|Any CPU
		{71B131EF-01C4-4E69-8627-9906484E0312}.Debug|x64.ActiveCfg = Debug|Any CPU
		{71B131EF-01C4-4E69-8627-9906484E0312}.Debug|x64.Build.0 = Debug|Any CPU
		{71B131EF-01C4-4E69-8627-9906484E0312}.Debug|x86.ActiveCfg = Debug|Any CPU
		{71B131EF-01C4-4E69-8627-9906484E0312}.Debug|x86.Build.0 = Debug|Any CPU
		{71B131EF-01C4-4E69-8627-9906484E0312}.Release|Any CPU.ActiveCfg = Release|Any CPU
		{71B131EF-01C4-4E69-8627-9906484E0312}.Release|Any CPU.Build.0 = Release|Any CPU
		{71B131EF-01C4-4E69-8627-9906484E0312}.Release|x64.ActiveCfg = Release|Any CPU
		{71B131EF-01C4-4E69-8627-9906484E0312}.Release|x64.Build.0 = Release|Any CPU
		{71B131EF-01C4-4E69-8627-9906484E0312}.Release|x86.ActiveCfg = Release|Any CPU
		{71B131EF-01C4-4E69-8627-9906484E0312}.Release|x86.Build.0 = Release|Any CPU
		{9F2B1ABA-2EC0-430D-8518-F36F756139FB}.Debug|Any CPU.ActiveCfg = Debug|Any CPU
		{9F2B1ABA-2EC0-430D-8518-F36F756139FB}.Debug|Any CPU.Build.0 = Debug|Any CPU
		{9F2B1ABA-2EC0-430D-8518-F36F756139FB}.Debug|x64.ActiveCfg = Debug|Any CPU
		{9F2B1ABA-2EC0-430D-8518-F36F756139FB}.Debug|x64.Build.0 = Debug|Any CPU
		{9F2B1ABA-2EC0-430D-8518-F36F756139FB}.Debug|x86.ActiveCfg = Debug|Any CPU
		{9F2B1ABA-2EC0-430D-8518-F36F756139FB}.Debug|x86.Build.0 = Debug|Any CPU
		{9F2B1ABA-2EC0-430D-8518-F36F756139FB}.Release|Any CPU.ActiveCfg = Release|Any CPU
		{9F2B1ABA-2EC0-430D-8518-F36F756139FB}.Release|Any CPU.Build.0 = Release|Any CPU
		{9F2B1ABA-2EC0-430D-8518-F36F756139FB}.Release|x64.ActiveCfg = Release|Any CPU
		{9F2B1ABA-2EC0-430D-8518-F36F756139FB}.Release|x64.Build.0 = Release|Any CPU
		{9F2B1ABA-2EC0-430D-8518-F36F756139FB}.Release|x86.ActiveCfg = Release|Any CPU
		{9F2B1ABA-2EC0-430D-8518-F36F756139FB}.Release|x86.Build.0 = Release|Any CPU
		{DDE8DE5D-39FF-4ACF-8D08-6DE65CCC9C76}.Debug|Any CPU.ActiveCfg = Debug|Any CPU
		{DDE8DE5D-39FF-4ACF-8D08-6DE65CCC9C76}.Debug|Any CPU.Build.0 = Debug|Any CPU
		{DDE8DE5D-39FF-4ACF-8D08-6DE65CCC9C76}.Debug|x64.ActiveCfg = Debug|Any CPU
		{DDE8DE5D-39FF-4ACF-8D08-6DE65CCC9C76}.Debug|x64.Build.0 = Debug|Any CPU
		{DDE8DE5D-39FF-4ACF-8D08-6DE65CCC9C76}.Debug|x86.ActiveCfg = Debug|Any CPU
		{DDE8DE5D-39FF-4ACF-8D08-6DE65CCC9C76}.Debug|x86.Build.0 = Debug|Any CPU
		{DDE8DE5D-39FF-4ACF-8D08-6DE65CCC9C76}.Release|Any CPU.ActiveCfg = Release|Any CPU
		{DDE8DE5D-39FF-4ACF-8D08-6DE65CCC9C76}.Release|Any CPU.Build.0 = Release|Any CPU
		{DDE8DE5D-39FF-4ACF-8D08-6DE65CCC9C76}.Release|x64.ActiveCfg = Release|Any CPU
		{DDE8DE5D-39FF-4ACF-8D08-6DE65CCC9C76}.Release|x64.Build.0 = Release|Any CPU
		{DDE8DE5D-39FF-4ACF-8D08-6DE65CCC9C76}.Release|x86.ActiveCfg = Release|Any CPU
		{DDE8DE5D-39FF-4ACF-8D08-6DE65CCC9C76}.Release|x86.Build.0 = Release|Any CPU
		{2FCD2B98-4C93-4A2E-A59F-370FF4843FF5}.Debug|Any CPU.ActiveCfg = Debug|Any CPU
		{2FCD2B98-4C93-4A2E-A59F-370FF4843FF5}.Debug|Any CPU.Build.0 = Debug|Any CPU
		{2FCD2B98-4C93-4A2E-A59F-370FF4843FF5}.Debug|x64.ActiveCfg = Debug|Any CPU
		{2FCD2B98-4C93-4A2E-A59F-370FF4843FF5}.Debug|x64.Build.0 = Debug|Any CPU
		{2FCD2B98-4C93-4A2E-A59F-370FF4843FF5}.Debug|x86.ActiveCfg = Debug|Any CPU
		{2FCD2B98-4C93-4A2E-A59F-370FF4843FF5}.Debug|x86.Build.0 = Debug|Any CPU
		{2FCD2B98-4C93-4A2E-A59F-370FF4843FF5}.Release|Any CPU.ActiveCfg = Release|Any CPU
		{2FCD2B98-4C93-4A2E-A59F-370FF4843FF5}.Release|Any CPU.Build.0 = Release|Any CPU
		{2FCD2B98-4C93-4A2E-A59F-370FF4843FF5}.Release|x64.ActiveCfg = Release|Any CPU
		{2FCD2B98-4C93-4A2E-A59F-370FF4843FF5}.Release|x64.Build.0 = Release|Any CPU
		{2FCD2B98-4C93-4A2E-A59F-370FF4843FF5}.Release|x86.ActiveCfg = Release|Any CPU
		{2FCD2B98-4C93-4A2E-A59F-370FF4843FF5}.Release|x86.Build.0 = Release|Any CPU
		{04F88CAA-26CF-4B95-A4BD-E5F63CC48DD3}.Debug|Any CPU.ActiveCfg = Debug|Any CPU
		{04F88CAA-26CF-4B95-A4BD-E5F63CC48DD3}.Debug|Any CPU.Build.0 = Debug|Any CPU
		{04F88CAA-26CF-4B95-A4BD-E5F63CC48DD3}.Debug|x64.ActiveCfg = Debug|Any CPU
		{04F88CAA-26CF-4B95-A4BD-E5F63CC48DD3}.Debug|x64.Build.0 = Debug|Any CPU
		{04F88CAA-26CF-4B95-A4BD-E5F63CC48DD3}.Debug|x86.ActiveCfg = Debug|Any CPU
		{04F88CAA-26CF-4B95-A4BD-E5F63CC48DD3}.Debug|x86.Build.0 = Debug|Any CPU
		{04F88CAA-26CF-4B95-A4BD-E5F63CC48DD3}.Release|Any CPU.ActiveCfg = Release|Any CPU
		{04F88CAA-26CF-4B95-A4BD-E5F63CC48DD3}.Release|Any CPU.Build.0 = Release|Any CPU
		{04F88CAA-26CF-4B95-A4BD-E5F63CC48DD3}.Release|x64.ActiveCfg = Release|Any CPU
		{04F88CAA-26CF-4B95-A4BD-E5F63CC48DD3}.Release|x64.Build.0 = Release|Any CPU
		{04F88CAA-26CF-4B95-A4BD-E5F63CC48DD3}.Release|x86.ActiveCfg = Release|Any CPU
		{04F88CAA-26CF-4B95-A4BD-E5F63CC48DD3}.Release|x86.Build.0 = Release|Any CPU
		{26FC8848-C27C-4AB6-98DE-C0733BDC811F}.Debug|Any CPU.ActiveCfg = Debug|Any CPU
		{26FC8848-C27C-4AB6-98DE-C0733BDC811F}.Debug|Any CPU.Build.0 = Debug|Any CPU
		{26FC8848-C27C-4AB6-98DE-C0733BDC811F}.Debug|x64.ActiveCfg = Debug|Any CPU
		{26FC8848-C27C-4AB6-98DE-C0733BDC811F}.Debug|x64.Build.0 = Debug|Any CPU
		{26FC8848-C27C-4AB6-98DE-C0733BDC811F}.Debug|x86.ActiveCfg = Debug|Any CPU
		{26FC8848-C27C-4AB6-98DE-C0733BDC811F}.Debug|x86.Build.0 = Debug|Any CPU
		{26FC8848-C27C-4AB6-98DE-C0733BDC811F}.Release|Any CPU.ActiveCfg = Release|Any CPU
		{26FC8848-C27C-4AB6-98DE-C0733BDC811F}.Release|Any CPU.Build.0 = Release|Any CPU
		{26FC8848-C27C-4AB6-98DE-C0733BDC811F}.Release|x64.ActiveCfg = Release|Any CPU
		{26FC8848-C27C-4AB6-98DE-C0733BDC811F}.Release|x64.Build.0 = Release|Any CPU
		{26FC8848-C27C-4AB6-98DE-C0733BDC811F}.Release|x86.ActiveCfg = Release|Any CPU
		{26FC8848-C27C-4AB6-98DE-C0733BDC811F}.Release|x86.Build.0 = Release|Any CPU
		{A330367C-D876-4D1F-AA2E-38EEF78A5172}.Debug|Any CPU.ActiveCfg = Debug|Any CPU
		{A330367C-D876-4D1F-AA2E-38EEF78A5172}.Debug|Any CPU.Build.0 = Debug|Any CPU
		{A330367C-D876-4D1F-AA2E-38EEF78A5172}.Debug|x64.ActiveCfg = Debug|Any CPU
		{A330367C-D876-4D1F-AA2E-38EEF78A5172}.Debug|x64.Build.0 = Debug|Any CPU
		{A330367C-D876-4D1F-AA2E-38EEF78A5172}.Debug|x86.ActiveCfg = Debug|Any CPU
		{A330367C-D876-4D1F-AA2E-38EEF78A5172}.Debug|x86.Build.0 = Debug|Any CPU
		{A330367C-D876-4D1F-AA2E-38EEF78A5172}.Release|Any CPU.ActiveCfg = Release|Any CPU
		{A330367C-D876-4D1F-AA2E-38EEF78A5172}.Release|Any CPU.Build.0 = Release|Any CPU
		{A330367C-D876-4D1F-AA2E-38EEF78A5172}.Release|x64.ActiveCfg = Release|Any CPU
		{A330367C-D876-4D1F-AA2E-38EEF78A5172}.Release|x64.Build.0 = Release|Any CPU
		{A330367C-D876-4D1F-AA2E-38EEF78A5172}.Release|x86.ActiveCfg = Release|Any CPU
		{A330367C-D876-4D1F-AA2E-38EEF78A5172}.Release|x86.Build.0 = Release|Any CPU
		{A513DB9E-2C36-4A44-9AE4-D489F8562F62}.Debug|Any CPU.ActiveCfg = Debug|Any CPU
		{A513DB9E-2C36-4A44-9AE4-D489F8562F62}.Debug|Any CPU.Build.0 = Debug|Any CPU
		{A513DB9E-2C36-4A44-9AE4-D489F8562F62}.Debug|x64.ActiveCfg = Debug|Any CPU
		{A513DB9E-2C36-4A44-9AE4-D489F8562F62}.Debug|x64.Build.0 = Debug|Any CPU
		{A513DB9E-2C36-4A44-9AE4-D489F8562F62}.Debug|x86.ActiveCfg = Debug|Any CPU
		{A513DB9E-2C36-4A44-9AE4-D489F8562F62}.Debug|x86.Build.0 = Debug|Any CPU
		{A513DB9E-2C36-4A44-9AE4-D489F8562F62}.Release|Any CPU.ActiveCfg = Release|Any CPU
		{A513DB9E-2C36-4A44-9AE4-D489F8562F62}.Release|Any CPU.Build.0 = Release|Any CPU
		{A513DB9E-2C36-4A44-9AE4-D489F8562F62}.Release|x64.ActiveCfg = Release|Any CPU
		{A513DB9E-2C36-4A44-9AE4-D489F8562F62}.Release|x64.Build.0 = Release|Any CPU
		{A513DB9E-2C36-4A44-9AE4-D489F8562F62}.Release|x86.ActiveCfg = Release|Any CPU
		{A513DB9E-2C36-4A44-9AE4-D489F8562F62}.Release|x86.Build.0 = Release|Any CPU
		{59CD1F7C-E200-4DFC-9D2F-8B68F3B44007}.Debug|Any CPU.ActiveCfg = Debug|Any CPU
		{59CD1F7C-E200-4DFC-9D2F-8B68F3B44007}.Debug|Any CPU.Build.0 = Debug|Any CPU
		{59CD1F7C-E200-4DFC-9D2F-8B68F3B44007}.Debug|x64.ActiveCfg = Debug|Any CPU
		{59CD1F7C-E200-4DFC-9D2F-8B68F3B44007}.Debug|x64.Build.0 = Debug|Any CPU
		{59CD1F7C-E200-4DFC-9D2F-8B68F3B44007}.Debug|x86.ActiveCfg = Debug|Any CPU
		{59CD1F7C-E200-4DFC-9D2F-8B68F3B44007}.Debug|x86.Build.0 = Debug|Any CPU
		{59CD1F7C-E200-4DFC-9D2F-8B68F3B44007}.Release|Any CPU.ActiveCfg = Release|Any CPU
		{59CD1F7C-E200-4DFC-9D2F-8B68F3B44007}.Release|Any CPU.Build.0 = Release|Any CPU
		{59CD1F7C-E200-4DFC-9D2F-8B68F3B44007}.Release|x64.ActiveCfg = Release|Any CPU
		{59CD1F7C-E200-4DFC-9D2F-8B68F3B44007}.Release|x64.Build.0 = Release|Any CPU
		{59CD1F7C-E200-4DFC-9D2F-8B68F3B44007}.Release|x86.ActiveCfg = Release|Any CPU
		{59CD1F7C-E200-4DFC-9D2F-8B68F3B44007}.Release|x86.Build.0 = Release|Any CPU
		{9DB4AFEE-EE63-4357-BED0-769D242869C2}.Debug|Any CPU.ActiveCfg = Debug|Any CPU
		{9DB4AFEE-EE63-4357-BED0-769D242869C2}.Debug|Any CPU.Build.0 = Debug|Any CPU
		{9DB4AFEE-EE63-4357-BED0-769D242869C2}.Debug|x64.ActiveCfg = Debug|Any CPU
		{9DB4AFEE-EE63-4357-BED0-769D242869C2}.Debug|x64.Build.0 = Debug|Any CPU
		{9DB4AFEE-EE63-4357-BED0-769D242869C2}.Debug|x86.ActiveCfg = Debug|Any CPU
		{9DB4AFEE-EE63-4357-BED0-769D242869C2}.Debug|x86.Build.0 = Debug|Any CPU
		{9DB4AFEE-EE63-4357-BED0-769D242869C2}.Release|Any CPU.ActiveCfg = Release|Any CPU
		{9DB4AFEE-EE63-4357-BED0-769D242869C2}.Release|Any CPU.Build.0 = Release|Any CPU
		{9DB4AFEE-EE63-4357-BED0-769D242869C2}.Release|x64.ActiveCfg = Release|Any CPU
		{9DB4AFEE-EE63-4357-BED0-769D242869C2}.Release|x64.Build.0 = Release|Any CPU
		{9DB4AFEE-EE63-4357-BED0-769D242869C2}.Release|x86.ActiveCfg = Release|Any CPU
		{9DB4AFEE-EE63-4357-BED0-769D242869C2}.Release|x86.Build.0 = Release|Any CPU
	EndGlobalSection
	GlobalSection(SolutionProperties) = preSolution
		HideSolutionNode = FALSE
	EndGlobalSection
	GlobalSection(NestedProjects) = preSolution
		{EADC7557-9D99-4F4C-8FCB-E9713BA70749} = {835F1B1F-8469-483A-BE6C-3F802F0C02E7}
		{8A9BF93B-A5B1-4CB1-8DC5-8AD42889E809} = {FFEBD6D4-0B02-48E7-A113-45A386480988}
		{71B131EF-01C4-4E69-8627-9906484E0312} = {543A3EEF-B569-4B90-A98E-59E5460A1383}
		{9F2B1ABA-2EC0-430D-8518-F36F756139FB} = {543A3EEF-B569-4B90-A98E-59E5460A1383}
		{DDE8DE5D-39FF-4ACF-8D08-6DE65CCC9C76} = {FFEBD6D4-0B02-48E7-A113-45A386480988}
		{2FCD2B98-4C93-4A2E-A59F-370FF4843FF5} = {835F1B1F-8469-483A-BE6C-3F802F0C02E7}
		{04F88CAA-26CF-4B95-A4BD-E5F63CC48DD3} = {835F1B1F-8469-483A-BE6C-3F802F0C02E7}
		{26FC8848-C27C-4AB6-98DE-C0733BDC811F} = {FFEBD6D4-0B02-48E7-A113-45A386480988}
		{A330367C-D876-4D1F-AA2E-38EEF78A5172} = {835F1B1F-8469-483A-BE6C-3F802F0C02E7}
		{A513DB9E-2C36-4A44-9AE4-D489F8562F62} = {835F1B1F-8469-483A-BE6C-3F802F0C02E7}
		{59CD1F7C-E200-4DFC-9D2F-8B68F3B44007} = {65A09C82-4A2A-4B80-A7C2-EE2E73192E92}
		{9DB4AFEE-EE63-4357-BED0-769D242869C2} = {65A09C82-4A2A-4B80-A7C2-EE2E73192E92}
	EndGlobalSection
	GlobalSection(ExtensibilityGlobals) = postSolution
		SolutionGuid = {2A3A1F5C-248B-461E-8852-2541452139E8}
	EndGlobalSection
EndGlobal
