
Microsoft Visual Studio Solution File, Format Version 12.00
# Visual Studio Version 16
VisualStudioVersion = 16.0.29009.5
MinimumVisualStudioVersion = 15.0.26124.0
Project("{9A19103F-16F7-4668-BE54-9A1E7A4F7556}") = "Carpentry", "Carpentry\Carpentry.csproj", "{EADC7557-9D99-4F4C-8FCB-E9713BA70749}"
EndProject
Project("{9A19103F-16F7-4668-BE54-9A1E7A4F7556}") = "Carpentry.Tests.Legacy", "Carpentry.Tests\Carpentry.Tests.Legacy.csproj", "{DFBB4430-3AEF-4742-941C-C17DD4EC2C8F}"
EndProject
Project("{9A19103F-16F7-4668-BE54-9A1E7A4F7556}") = "CarpentryMigrationTool", "CarpentryMigrationTool\CarpentryMigrationTool.csproj", "{F12DE66D-A37A-45D4-8AB2-FFD9A4D7B511}"
EndProject
Project("{9A19103F-16F7-4668-BE54-9A1E7A4F7556}") = "Carpentry.Data", "Carpentry.Data\Carpentry.Data.csproj", "{202DD975-9C95-4617-AB36-54CC9ECEAEDF}"
EndProject
Project("{9A19103F-16F7-4668-BE54-9A1E7A4F7556}") = "Carpentry.LiveDataTests", "Carpentry.LiveDataTests\Carpentry.LiveDataTests.csproj", "{0DE322E2-2E4B-431F-8563-B143B4DBFD89}"
EndProject
Project("{9A19103F-16F7-4668-BE54-9A1E7A4F7556}") = "Carpentry.Data.MigrationTool", "Carpentry.Data.MigrationTool\Carpentry.Data.MigrationTool.csproj", "{17ABC330-00BD-4371-B026-17DF16AD3568}"
EndProject
Project("{9A19103F-16F7-4668-BE54-9A1E7A4F7556}") = "Carpentry.Data.ImportTool", "Carpentry.Data.ImportTool\Carpentry.Data.ImportTool.csproj", "{50A6A5D0-AE6C-4536-8CCE-F5BE63B93D56}"
EndProject
Project("{9A19103F-16F7-4668-BE54-9A1E7A4F7556}") = "Carpentry.Tools.QuickBackup", "Carpentry.Tools.QuickBackup\Carpentry.Tools.QuickBackup.csproj", "{71DCACEB-9AB1-4EE8-9B53-561125065E86}"
EndProject
Project("{9A19103F-16F7-4668-BE54-9A1E7A4F7556}") = "Carpentry.Tools.QuickRestore", "Carpentry.Tools.QuickRestore\Carpentry.Tools.QuickRestore.csproj", "{8A9BF93B-A5B1-4CB1-8DC5-8AD42889E809}"
EndProject
Project("{9A19103F-16F7-4668-BE54-9A1E7A4F7556}") = "Carpentry.Tools.QuickUpdate", "Carpentry.Tools.QuickUpdate\Carpentry.Tools.QuickUpdate.csproj", "{D2D30FEB-5B93-428C-8567-8FAF660E58C8}"
EndProject
Project("{9A19103F-16F7-4668-BE54-9A1E7A4F7556}") = "Carpentry.UI", "Carpentry.UI\Carpentry.UI.csproj", "{318E9BA3-B40D-42E1-A6CA-FAB50D7C70D8}"
EndProject
Project("{9A19103F-16F7-4668-BE54-9A1E7A4F7556}") = "Carpentry.UI.Tests", "Carpentry.UI.Tests\Carpentry.UI.Tests.csproj", "{3EA1C422-CD4C-4971-B867-421758B933C3}"
EndProject
Project("{9A19103F-16F7-4668-BE54-9A1E7A4F7556}") = "Carpentry.Logic", "Carpentry.Logic\Carpentry.Logic.csproj", "{71B131EF-01C4-4E69-8627-9906484E0312}"
EndProject
Project("{9A19103F-16F7-4668-BE54-9A1E7A4F7556}") = "Carpentry.UI.Test", "Carpentry.UI.Test\Carpentry.UI.Test.csproj", "{344E4F08-DB45-46BB-86BC-AA2306BA4EA5}"
EndProject
Project("{2150E333-8FDC-42A3-9474-1A3956D46DE8}") = "Carpentry.Tools", "Carpentry.Tools", "{FFEBD6D4-0B02-48E7-A113-45A386480988}"
EndProject
Project("{2150E333-8FDC-42A3-9474-1A3956D46DE8}") = "Carpentry.UI", "Carpentry.UI", "{835F1B1F-8469-483A-BE6C-3F802F0C02E7}"
EndProject
Project("{2150E333-8FDC-42A3-9474-1A3956D46DE8}") = "Carpentry.Legacy", "Carpentry.Legacy", "{D5E83248-3356-4D63-A5F9-F234AEC31F83}"
EndProject
Project("{2150E333-8FDC-42A3-9474-1A3956D46DE8}") = "Carpentry.Logic", "Carpentry.Logic", "{543A3EEF-B569-4B90-A98E-59E5460A1383}"
EndProject
Project("{2150E333-8FDC-42A3-9474-1A3956D46DE8}") = "Carpentry.Data", "Carpentry.Data", "{65A09C82-4A2A-4B80-A7C2-EE2E73192E92}"
EndProject
Project("{FAE04EC0-301F-11D3-BF4B-00C04F79EFBC}") = "Carpentry.Logic.Tests", "Carpentry.Logic.Tests\Carpentry.Logic.Tests.csproj", "{9F2B1ABA-2EC0-430D-8518-F36F756139FB}"
EndProject
Project("{FAE04EC0-301F-11D3-BF4B-00C04F79EFBC}") = "Carpentry.Data.Tests", "Carpentry.Data.Tests\Carpentry.Data.Tests.csproj", "{8F2D4953-E92A-44EF-AD4C-66FAE09F14BA}"
EndProject
Global
	GlobalSection(SolutionConfigurationPlatforms) = preSolution
		Debug|Any CPU = Debug|Any CPU
		Debug|x64 = Debug|x64
		Debug|x86 = Debug|x86
		Release|Any CPU = Release|Any CPU
		Release|x64 = Release|x64
		Release|x86 = Release|x86
	EndGlobalSection
	GlobalSection(ProjectConfigurationPlatforms) = postSolution
		{EADC7557-9D99-4F4C-8FCB-E9713BA70749}.Debug|Any CPU.ActiveCfg = Debug|Any CPU
		{EADC7557-9D99-4F4C-8FCB-E9713BA70749}.Debug|Any CPU.Build.0 = Debug|Any CPU
		{EADC7557-9D99-4F4C-8FCB-E9713BA70749}.Debug|x64.ActiveCfg = Debug|Any CPU
		{EADC7557-9D99-4F4C-8FCB-E9713BA70749}.Debug|x64.Build.0 = Debug|Any CPU
		{EADC7557-9D99-4F4C-8FCB-E9713BA70749}.Debug|x86.ActiveCfg = Debug|Any CPU
		{EADC7557-9D99-4F4C-8FCB-E9713BA70749}.Debug|x86.Build.0 = Debug|Any CPU
		{EADC7557-9D99-4F4C-8FCB-E9713BA70749}.Release|Any CPU.ActiveCfg = Release|Any CPU
		{EADC7557-9D99-4F4C-8FCB-E9713BA70749}.Release|Any CPU.Build.0 = Release|Any CPU
		{EADC7557-9D99-4F4C-8FCB-E9713BA70749}.Release|x64.ActiveCfg = Release|Any CPU
		{EADC7557-9D99-4F4C-8FCB-E9713BA70749}.Release|x64.Build.0 = Release|Any CPU
		{EADC7557-9D99-4F4C-8FCB-E9713BA70749}.Release|x86.ActiveCfg = Release|Any CPU
		{EADC7557-9D99-4F4C-8FCB-E9713BA70749}.Release|x86.Build.0 = Release|Any CPU
		{DFBB4430-3AEF-4742-941C-C17DD4EC2C8F}.Debug|Any CPU.ActiveCfg = Debug|Any CPU
		{DFBB4430-3AEF-4742-941C-C17DD4EC2C8F}.Debug|Any CPU.Build.0 = Debug|Any CPU
		{DFBB4430-3AEF-4742-941C-C17DD4EC2C8F}.Debug|x64.ActiveCfg = Debug|Any CPU
		{DFBB4430-3AEF-4742-941C-C17DD4EC2C8F}.Debug|x64.Build.0 = Debug|Any CPU
		{DFBB4430-3AEF-4742-941C-C17DD4EC2C8F}.Debug|x86.ActiveCfg = Debug|Any CPU
		{DFBB4430-3AEF-4742-941C-C17DD4EC2C8F}.Debug|x86.Build.0 = Debug|Any CPU
		{DFBB4430-3AEF-4742-941C-C17DD4EC2C8F}.Release|Any CPU.ActiveCfg = Release|Any CPU
		{DFBB4430-3AEF-4742-941C-C17DD4EC2C8F}.Release|Any CPU.Build.0 = Release|Any CPU
		{DFBB4430-3AEF-4742-941C-C17DD4EC2C8F}.Release|x64.ActiveCfg = Release|Any CPU
		{DFBB4430-3AEF-4742-941C-C17DD4EC2C8F}.Release|x64.Build.0 = Release|Any CPU
		{DFBB4430-3AEF-4742-941C-C17DD4EC2C8F}.Release|x86.ActiveCfg = Release|Any CPU
		{DFBB4430-3AEF-4742-941C-C17DD4EC2C8F}.Release|x86.Build.0 = Release|Any CPU
		{F12DE66D-A37A-45D4-8AB2-FFD9A4D7B511}.Debug|Any CPU.ActiveCfg = Debug|Any CPU
		{F12DE66D-A37A-45D4-8AB2-FFD9A4D7B511}.Debug|Any CPU.Build.0 = Debug|Any CPU
		{F12DE66D-A37A-45D4-8AB2-FFD9A4D7B511}.Debug|x64.ActiveCfg = Debug|Any CPU
		{F12DE66D-A37A-45D4-8AB2-FFD9A4D7B511}.Debug|x64.Build.0 = Debug|Any CPU
		{F12DE66D-A37A-45D4-8AB2-FFD9A4D7B511}.Debug|x86.ActiveCfg = Debug|Any CPU
		{F12DE66D-A37A-45D4-8AB2-FFD9A4D7B511}.Debug|x86.Build.0 = Debug|Any CPU
		{F12DE66D-A37A-45D4-8AB2-FFD9A4D7B511}.Release|Any CPU.ActiveCfg = Release|Any CPU
		{F12DE66D-A37A-45D4-8AB2-FFD9A4D7B511}.Release|Any CPU.Build.0 = Release|Any CPU
		{F12DE66D-A37A-45D4-8AB2-FFD9A4D7B511}.Release|x64.ActiveCfg = Release|Any CPU
		{F12DE66D-A37A-45D4-8AB2-FFD9A4D7B511}.Release|x64.Build.0 = Release|Any CPU
		{F12DE66D-A37A-45D4-8AB2-FFD9A4D7B511}.Release|x86.ActiveCfg = Release|Any CPU
		{F12DE66D-A37A-45D4-8AB2-FFD9A4D7B511}.Release|x86.Build.0 = Release|Any CPU
		{202DD975-9C95-4617-AB36-54CC9ECEAEDF}.Debug|Any CPU.ActiveCfg = Debug|Any CPU
		{202DD975-9C95-4617-AB36-54CC9ECEAEDF}.Debug|Any CPU.Build.0 = Debug|Any CPU
		{202DD975-9C95-4617-AB36-54CC9ECEAEDF}.Debug|x64.ActiveCfg = Debug|Any CPU
		{202DD975-9C95-4617-AB36-54CC9ECEAEDF}.Debug|x64.Build.0 = Debug|Any CPU
		{202DD975-9C95-4617-AB36-54CC9ECEAEDF}.Debug|x86.ActiveCfg = Debug|Any CPU
		{202DD975-9C95-4617-AB36-54CC9ECEAEDF}.Debug|x86.Build.0 = Debug|Any CPU
		{202DD975-9C95-4617-AB36-54CC9ECEAEDF}.Release|Any CPU.ActiveCfg = Release|Any CPU
		{202DD975-9C95-4617-AB36-54CC9ECEAEDF}.Release|Any CPU.Build.0 = Release|Any CPU
		{202DD975-9C95-4617-AB36-54CC9ECEAEDF}.Release|x64.ActiveCfg = Release|Any CPU
		{202DD975-9C95-4617-AB36-54CC9ECEAEDF}.Release|x64.Build.0 = Release|Any CPU
		{202DD975-9C95-4617-AB36-54CC9ECEAEDF}.Release|x86.ActiveCfg = Release|Any CPU
		{202DD975-9C95-4617-AB36-54CC9ECEAEDF}.Release|x86.Build.0 = Release|Any CPU
		{0DE322E2-2E4B-431F-8563-B143B4DBFD89}.Debug|Any CPU.ActiveCfg = Debug|Any CPU
		{0DE322E2-2E4B-431F-8563-B143B4DBFD89}.Debug|Any CPU.Build.0 = Debug|Any CPU
		{0DE322E2-2E4B-431F-8563-B143B4DBFD89}.Debug|x64.ActiveCfg = Debug|Any CPU
		{0DE322E2-2E4B-431F-8563-B143B4DBFD89}.Debug|x64.Build.0 = Debug|Any CPU
		{0DE322E2-2E4B-431F-8563-B143B4DBFD89}.Debug|x86.ActiveCfg = Debug|Any CPU
		{0DE322E2-2E4B-431F-8563-B143B4DBFD89}.Debug|x86.Build.0 = Debug|Any CPU
		{0DE322E2-2E4B-431F-8563-B143B4DBFD89}.Release|Any CPU.ActiveCfg = Release|Any CPU
		{0DE322E2-2E4B-431F-8563-B143B4DBFD89}.Release|Any CPU.Build.0 = Release|Any CPU
		{0DE322E2-2E4B-431F-8563-B143B4DBFD89}.Release|x64.ActiveCfg = Release|Any CPU
		{0DE322E2-2E4B-431F-8563-B143B4DBFD89}.Release|x64.Build.0 = Release|Any CPU
		{0DE322E2-2E4B-431F-8563-B143B4DBFD89}.Release|x86.ActiveCfg = Release|Any CPU
		{0DE322E2-2E4B-431F-8563-B143B4DBFD89}.Release|x86.Build.0 = Release|Any CPU
		{17ABC330-00BD-4371-B026-17DF16AD3568}.Debug|Any CPU.ActiveCfg = Debug|Any CPU
		{17ABC330-00BD-4371-B026-17DF16AD3568}.Debug|Any CPU.Build.0 = Debug|Any CPU
		{17ABC330-00BD-4371-B026-17DF16AD3568}.Debug|x64.ActiveCfg = Debug|Any CPU
		{17ABC330-00BD-4371-B026-17DF16AD3568}.Debug|x64.Build.0 = Debug|Any CPU
		{17ABC330-00BD-4371-B026-17DF16AD3568}.Debug|x86.ActiveCfg = Debug|Any CPU
		{17ABC330-00BD-4371-B026-17DF16AD3568}.Debug|x86.Build.0 = Debug|Any CPU
		{17ABC330-00BD-4371-B026-17DF16AD3568}.Release|Any CPU.ActiveCfg = Release|Any CPU
		{17ABC330-00BD-4371-B026-17DF16AD3568}.Release|Any CPU.Build.0 = Release|Any CPU
		{17ABC330-00BD-4371-B026-17DF16AD3568}.Release|x64.ActiveCfg = Release|Any CPU
		{17ABC330-00BD-4371-B026-17DF16AD3568}.Release|x64.Build.0 = Release|Any CPU
		{17ABC330-00BD-4371-B026-17DF16AD3568}.Release|x86.ActiveCfg = Release|Any CPU
		{17ABC330-00BD-4371-B026-17DF16AD3568}.Release|x86.Build.0 = Release|Any CPU
		{50A6A5D0-AE6C-4536-8CCE-F5BE63B93D56}.Debug|Any CPU.ActiveCfg = Debug|Any CPU
		{50A6A5D0-AE6C-4536-8CCE-F5BE63B93D56}.Debug|Any CPU.Build.0 = Debug|Any CPU
		{50A6A5D0-AE6C-4536-8CCE-F5BE63B93D56}.Debug|x64.ActiveCfg = Debug|Any CPU
		{50A6A5D0-AE6C-4536-8CCE-F5BE63B93D56}.Debug|x64.Build.0 = Debug|Any CPU
		{50A6A5D0-AE6C-4536-8CCE-F5BE63B93D56}.Debug|x86.ActiveCfg = Debug|Any CPU
		{50A6A5D0-AE6C-4536-8CCE-F5BE63B93D56}.Debug|x86.Build.0 = Debug|Any CPU
		{50A6A5D0-AE6C-4536-8CCE-F5BE63B93D56}.Release|Any CPU.ActiveCfg = Release|Any CPU
		{50A6A5D0-AE6C-4536-8CCE-F5BE63B93D56}.Release|Any CPU.Build.0 = Release|Any CPU
		{50A6A5D0-AE6C-4536-8CCE-F5BE63B93D56}.Release|x64.ActiveCfg = Release|Any CPU
		{50A6A5D0-AE6C-4536-8CCE-F5BE63B93D56}.Release|x64.Build.0 = Release|Any CPU
		{50A6A5D0-AE6C-4536-8CCE-F5BE63B93D56}.Release|x86.ActiveCfg = Release|Any CPU
		{50A6A5D0-AE6C-4536-8CCE-F5BE63B93D56}.Release|x86.Build.0 = Release|Any CPU
		{71DCACEB-9AB1-4EE8-9B53-561125065E86}.Debug|Any CPU.ActiveCfg = Debug|Any CPU
		{71DCACEB-9AB1-4EE8-9B53-561125065E86}.Debug|Any CPU.Build.0 = Debug|Any CPU
		{71DCACEB-9AB1-4EE8-9B53-561125065E86}.Debug|x64.ActiveCfg = Debug|Any CPU
		{71DCACEB-9AB1-4EE8-9B53-561125065E86}.Debug|x64.Build.0 = Debug|Any CPU
		{71DCACEB-9AB1-4EE8-9B53-561125065E86}.Debug|x86.ActiveCfg = Debug|Any CPU
		{71DCACEB-9AB1-4EE8-9B53-561125065E86}.Debug|x86.Build.0 = Debug|Any CPU
		{71DCACEB-9AB1-4EE8-9B53-561125065E86}.Release|Any CPU.ActiveCfg = Release|Any CPU
		{71DCACEB-9AB1-4EE8-9B53-561125065E86}.Release|Any CPU.Build.0 = Release|Any CPU
		{71DCACEB-9AB1-4EE8-9B53-561125065E86}.Release|x64.ActiveCfg = Release|Any CPU
		{71DCACEB-9AB1-4EE8-9B53-561125065E86}.Release|x64.Build.0 = Release|Any CPU
		{71DCACEB-9AB1-4EE8-9B53-561125065E86}.Release|x86.ActiveCfg = Release|Any CPU
		{71DCACEB-9AB1-4EE8-9B53-561125065E86}.Release|x86.Build.0 = Release|Any CPU
		{8A9BF93B-A5B1-4CB1-8DC5-8AD42889E809}.Debug|Any CPU.ActiveCfg = Debug|Any CPU
		{8A9BF93B-A5B1-4CB1-8DC5-8AD42889E809}.Debug|Any CPU.Build.0 = Debug|Any CPU
		{8A9BF93B-A5B1-4CB1-8DC5-8AD42889E809}.Debug|x64.ActiveCfg = Debug|Any CPU
		{8A9BF93B-A5B1-4CB1-8DC5-8AD42889E809}.Debug|x64.Build.0 = Debug|Any CPU
		{8A9BF93B-A5B1-4CB1-8DC5-8AD42889E809}.Debug|x86.ActiveCfg = Debug|Any CPU
		{8A9BF93B-A5B1-4CB1-8DC5-8AD42889E809}.Debug|x86.Build.0 = Debug|Any CPU
		{8A9BF93B-A5B1-4CB1-8DC5-8AD42889E809}.Release|Any CPU.ActiveCfg = Release|Any CPU
		{8A9BF93B-A5B1-4CB1-8DC5-8AD42889E809}.Release|Any CPU.Build.0 = Release|Any CPU
		{8A9BF93B-A5B1-4CB1-8DC5-8AD42889E809}.Release|x64.ActiveCfg = Release|Any CPU
		{8A9BF93B-A5B1-4CB1-8DC5-8AD42889E809}.Release|x64.Build.0 = Release|Any CPU
		{8A9BF93B-A5B1-4CB1-8DC5-8AD42889E809}.Release|x86.ActiveCfg = Release|Any CPU
		{8A9BF93B-A5B1-4CB1-8DC5-8AD42889E809}.Release|x86.Build.0 = Release|Any CPU
		{D2D30FEB-5B93-428C-8567-8FAF660E58C8}.Debug|Any CPU.ActiveCfg = Debug|Any CPU
		{D2D30FEB-5B93-428C-8567-8FAF660E58C8}.Debug|Any CPU.Build.0 = Debug|Any CPU
		{D2D30FEB-5B93-428C-8567-8FAF660E58C8}.Debug|x64.ActiveCfg = Debug|Any CPU
		{D2D30FEB-5B93-428C-8567-8FAF660E58C8}.Debug|x64.Build.0 = Debug|Any CPU
		{D2D30FEB-5B93-428C-8567-8FAF660E58C8}.Debug|x86.ActiveCfg = Debug|Any CPU
		{D2D30FEB-5B93-428C-8567-8FAF660E58C8}.Debug|x86.Build.0 = Debug|Any CPU
		{D2D30FEB-5B93-428C-8567-8FAF660E58C8}.Release|Any CPU.ActiveCfg = Release|Any CPU
		{D2D30FEB-5B93-428C-8567-8FAF660E58C8}.Release|Any CPU.Build.0 = Release|Any CPU
		{D2D30FEB-5B93-428C-8567-8FAF660E58C8}.Release|x64.ActiveCfg = Release|Any CPU
		{D2D30FEB-5B93-428C-8567-8FAF660E58C8}.Release|x64.Build.0 = Release|Any CPU
		{D2D30FEB-5B93-428C-8567-8FAF660E58C8}.Release|x86.ActiveCfg = Release|Any CPU
		{D2D30FEB-5B93-428C-8567-8FAF660E58C8}.Release|x86.Build.0 = Release|Any CPU
		{318E9BA3-B40D-42E1-A6CA-FAB50D7C70D8}.Debug|Any CPU.ActiveCfg = Debug|Any CPU
		{318E9BA3-B40D-42E1-A6CA-FAB50D7C70D8}.Debug|Any CPU.Build.0 = Debug|Any CPU
		{318E9BA3-B40D-42E1-A6CA-FAB50D7C70D8}.Debug|x64.ActiveCfg = Debug|Any CPU
		{318E9BA3-B40D-42E1-A6CA-FAB50D7C70D8}.Debug|x64.Build.0 = Debug|Any CPU
		{318E9BA3-B40D-42E1-A6CA-FAB50D7C70D8}.Debug|x86.ActiveCfg = Debug|Any CPU
		{318E9BA3-B40D-42E1-A6CA-FAB50D7C70D8}.Debug|x86.Build.0 = Debug|Any CPU
		{318E9BA3-B40D-42E1-A6CA-FAB50D7C70D8}.Release|Any CPU.ActiveCfg = Release|Any CPU
		{318E9BA3-B40D-42E1-A6CA-FAB50D7C70D8}.Release|Any CPU.Build.0 = Release|Any CPU
		{318E9BA3-B40D-42E1-A6CA-FAB50D7C70D8}.Release|x64.ActiveCfg = Release|Any CPU
		{318E9BA3-B40D-42E1-A6CA-FAB50D7C70D8}.Release|x64.Build.0 = Release|Any CPU
		{318E9BA3-B40D-42E1-A6CA-FAB50D7C70D8}.Release|x86.ActiveCfg = Release|Any CPU
		{318E9BA3-B40D-42E1-A6CA-FAB50D7C70D8}.Release|x86.Build.0 = Release|Any CPU
		{3EA1C422-CD4C-4971-B867-421758B933C3}.Debug|Any CPU.ActiveCfg = Debug|Any CPU
		{3EA1C422-CD4C-4971-B867-421758B933C3}.Debug|Any CPU.Build.0 = Debug|Any CPU
		{3EA1C422-CD4C-4971-B867-421758B933C3}.Debug|x64.ActiveCfg = Debug|Any CPU
		{3EA1C422-CD4C-4971-B867-421758B933C3}.Debug|x64.Build.0 = Debug|Any CPU
		{3EA1C422-CD4C-4971-B867-421758B933C3}.Debug|x86.ActiveCfg = Debug|Any CPU
		{3EA1C422-CD4C-4971-B867-421758B933C3}.Debug|x86.Build.0 = Debug|Any CPU
		{3EA1C422-CD4C-4971-B867-421758B933C3}.Release|Any CPU.ActiveCfg = Release|Any CPU
		{3EA1C422-CD4C-4971-B867-421758B933C3}.Release|Any CPU.Build.0 = Release|Any CPU
		{3EA1C422-CD4C-4971-B867-421758B933C3}.Release|x64.ActiveCfg = Release|Any CPU
		{3EA1C422-CD4C-4971-B867-421758B933C3}.Release|x64.Build.0 = Release|Any CPU
		{3EA1C422-CD4C-4971-B867-421758B933C3}.Release|x86.ActiveCfg = Release|Any CPU
		{3EA1C422-CD4C-4971-B867-421758B933C3}.Release|x86.Build.0 = Release|Any CPU
		{71B131EF-01C4-4E69-8627-9906484E0312}.Debug|Any CPU.ActiveCfg = Debug|Any CPU
		{71B131EF-01C4-4E69-8627-9906484E0312}.Debug|Any CPU.Build.0 = Debug|Any CPU
		{71B131EF-01C4-4E69-8627-9906484E0312}.Debug|x64.ActiveCfg = Debug|Any CPU
		{71B131EF-01C4-4E69-8627-9906484E0312}.Debug|x64.Build.0 = Debug|Any CPU
		{71B131EF-01C4-4E69-8627-9906484E0312}.Debug|x86.ActiveCfg = Debug|Any CPU
		{71B131EF-01C4-4E69-8627-9906484E0312}.Debug|x86.Build.0 = Debug|Any CPU
		{71B131EF-01C4-4E69-8627-9906484E0312}.Release|Any CPU.ActiveCfg = Release|Any CPU
		{71B131EF-01C4-4E69-8627-9906484E0312}.Release|Any CPU.Build.0 = Release|Any CPU
		{71B131EF-01C4-4E69-8627-9906484E0312}.Release|x64.ActiveCfg = Release|Any CPU
		{71B131EF-01C4-4E69-8627-9906484E0312}.Release|x64.Build.0 = Release|Any CPU
		{71B131EF-01C4-4E69-8627-9906484E0312}.Release|x86.ActiveCfg = Release|Any CPU
		{71B131EF-01C4-4E69-8627-9906484E0312}.Release|x86.Build.0 = Release|Any CPU
		{344E4F08-DB45-46BB-86BC-AA2306BA4EA5}.Debug|Any CPU.ActiveCfg = Debug|Any CPU
		{344E4F08-DB45-46BB-86BC-AA2306BA4EA5}.Debug|Any CPU.Build.0 = Debug|Any CPU
		{344E4F08-DB45-46BB-86BC-AA2306BA4EA5}.Debug|x64.ActiveCfg = Debug|Any CPU
		{344E4F08-DB45-46BB-86BC-AA2306BA4EA5}.Debug|x64.Build.0 = Debug|Any CPU
		{344E4F08-DB45-46BB-86BC-AA2306BA4EA5}.Debug|x86.ActiveCfg = Debug|Any CPU
		{344E4F08-DB45-46BB-86BC-AA2306BA4EA5}.Debug|x86.Build.0 = Debug|Any CPU
		{344E4F08-DB45-46BB-86BC-AA2306BA4EA5}.Release|Any CPU.ActiveCfg = Release|Any CPU
		{344E4F08-DB45-46BB-86BC-AA2306BA4EA5}.Release|Any CPU.Build.0 = Release|Any CPU
		{344E4F08-DB45-46BB-86BC-AA2306BA4EA5}.Release|x64.ActiveCfg = Release|Any CPU
		{344E4F08-DB45-46BB-86BC-AA2306BA4EA5}.Release|x64.Build.0 = Release|Any CPU
		{344E4F08-DB45-46BB-86BC-AA2306BA4EA5}.Release|x86.ActiveCfg = Release|Any CPU
		{344E4F08-DB45-46BB-86BC-AA2306BA4EA5}.Release|x86.Build.0 = Release|Any CPU
		{9F2B1ABA-2EC0-430D-8518-F36F756139FB}.Debug|Any CPU.ActiveCfg = Debug|Any CPU
		{9F2B1ABA-2EC0-430D-8518-F36F756139FB}.Debug|Any CPU.Build.0 = Debug|Any CPU
		{9F2B1ABA-2EC0-430D-8518-F36F756139FB}.Debug|x64.ActiveCfg = Debug|Any CPU
		{9F2B1ABA-2EC0-430D-8518-F36F756139FB}.Debug|x64.Build.0 = Debug|Any CPU
		{9F2B1ABA-2EC0-430D-8518-F36F756139FB}.Debug|x86.ActiveCfg = Debug|Any CPU
		{9F2B1ABA-2EC0-430D-8518-F36F756139FB}.Debug|x86.Build.0 = Debug|Any CPU
		{9F2B1ABA-2EC0-430D-8518-F36F756139FB}.Release|Any CPU.ActiveCfg = Release|Any CPU
		{9F2B1ABA-2EC0-430D-8518-F36F756139FB}.Release|Any CPU.Build.0 = Release|Any CPU
		{9F2B1ABA-2EC0-430D-8518-F36F756139FB}.Release|x64.ActiveCfg = Release|Any CPU
		{9F2B1ABA-2EC0-430D-8518-F36F756139FB}.Release|x64.Build.0 = Release|Any CPU
		{9F2B1ABA-2EC0-430D-8518-F36F756139FB}.Release|x86.ActiveCfg = Release|Any CPU
		{9F2B1ABA-2EC0-430D-8518-F36F756139FB}.Release|x86.Build.0 = Release|Any CPU
		{8F2D4953-E92A-44EF-AD4C-66FAE09F14BA}.Debug|Any CPU.ActiveCfg = Debug|Any CPU
		{8F2D4953-E92A-44EF-AD4C-66FAE09F14BA}.Debug|Any CPU.Build.0 = Debug|Any CPU
		{8F2D4953-E92A-44EF-AD4C-66FAE09F14BA}.Debug|x64.ActiveCfg = Debug|Any CPU
		{8F2D4953-E92A-44EF-AD4C-66FAE09F14BA}.Debug|x64.Build.0 = Debug|Any CPU
		{8F2D4953-E92A-44EF-AD4C-66FAE09F14BA}.Debug|x86.ActiveCfg = Debug|Any CPU
		{8F2D4953-E92A-44EF-AD4C-66FAE09F14BA}.Debug|x86.Build.0 = Debug|Any CPU
		{8F2D4953-E92A-44EF-AD4C-66FAE09F14BA}.Release|Any CPU.ActiveCfg = Release|Any CPU
		{8F2D4953-E92A-44EF-AD4C-66FAE09F14BA}.Release|Any CPU.Build.0 = Release|Any CPU
		{8F2D4953-E92A-44EF-AD4C-66FAE09F14BA}.Release|x64.ActiveCfg = Release|Any CPU
		{8F2D4953-E92A-44EF-AD4C-66FAE09F14BA}.Release|x64.Build.0 = Release|Any CPU
		{8F2D4953-E92A-44EF-AD4C-66FAE09F14BA}.Release|x86.ActiveCfg = Release|Any CPU
		{8F2D4953-E92A-44EF-AD4C-66FAE09F14BA}.Release|x86.Build.0 = Release|Any CPU
	EndGlobalSection
	GlobalSection(SolutionProperties) = preSolution
		HideSolutionNode = FALSE
	EndGlobalSection
	GlobalSection(NestedProjects) = preSolution
		{EADC7557-9D99-4F4C-8FCB-E9713BA70749} = {D5E83248-3356-4D63-A5F9-F234AEC31F83}
		{DFBB4430-3AEF-4742-941C-C17DD4EC2C8F} = {D5E83248-3356-4D63-A5F9-F234AEC31F83}
		{F12DE66D-A37A-45D4-8AB2-FFD9A4D7B511} = {D5E83248-3356-4D63-A5F9-F234AEC31F83}
		{202DD975-9C95-4617-AB36-54CC9ECEAEDF} = {65A09C82-4A2A-4B80-A7C2-EE2E73192E92}
		{0DE322E2-2E4B-431F-8563-B143B4DBFD89} = {D5E83248-3356-4D63-A5F9-F234AEC31F83}
		{17ABC330-00BD-4371-B026-17DF16AD3568} = {D5E83248-3356-4D63-A5F9-F234AEC31F83}
		{50A6A5D0-AE6C-4536-8CCE-F5BE63B93D56} = {D5E83248-3356-4D63-A5F9-F234AEC31F83}
		{71DCACEB-9AB1-4EE8-9B53-561125065E86} = {FFEBD6D4-0B02-48E7-A113-45A386480988}
		{8A9BF93B-A5B1-4CB1-8DC5-8AD42889E809} = {FFEBD6D4-0B02-48E7-A113-45A386480988}
		{D2D30FEB-5B93-428C-8567-8FAF660E58C8} = {FFEBD6D4-0B02-48E7-A113-45A386480988}
		{318E9BA3-B40D-42E1-A6CA-FAB50D7C70D8} = {835F1B1F-8469-483A-BE6C-3F802F0C02E7}
		{3EA1C422-CD4C-4971-B867-421758B933C3} = {835F1B1F-8469-483A-BE6C-3F802F0C02E7}
		{71B131EF-01C4-4E69-8627-9906484E0312} = {543A3EEF-B569-4B90-A98E-59E5460A1383}
		{344E4F08-DB45-46BB-86BC-AA2306BA4EA5} = {D5E83248-3356-4D63-A5F9-F234AEC31F83}
		{9F2B1ABA-2EC0-430D-8518-F36F756139FB} = {543A3EEF-B569-4B90-A98E-59E5460A1383}
		{8F2D4953-E92A-44EF-AD4C-66FAE09F14BA} = {65A09C82-4A2A-4B80-A7C2-EE2E73192E92}
	EndGlobalSection
	GlobalSection(ExtensibilityGlobals) = postSolution
		SolutionGuid = {2A3A1F5C-248B-461E-8852-2541452139E8}
	EndGlobalSection
EndGlobal
